
Microsoft Visual Studio Solution File, Format Version 12.00
# Visual Studio Version 16
VisualStudioVersion = 16.0.31424.327
MinimumVisualStudioVersion = 10.0.40219.1
Project("{FAE04EC0-301F-11D3-BF4B-00C04F79EFBC}") = "Addingtwonum", "Addingtwonum\Addingtwonum.csproj", "{271C5D9E-9243-4A24-B18B-1AB7E7EAB092}"
EndProject
Global
	GlobalSection(SolutionConfigurationPlatforms) = preSolution
		Debug|Any CPU = Debug|Any CPU
		Release|Any CPU = Release|Any CPU
	EndGlobalSection
	GlobalSection(ProjectConfigurationPlatforms) = postSolution
		{271C5D9E-9243-4A24-B18B-1AB7E7EAB092}.Debug|Any CPU.ActiveCfg = Debug|Any CPU
		{271C5D9E-9243-4A24-B18B-1AB7E7EAB092}.Debug|Any CPU.Build.0 = Debug|Any CPU
		{271C5D9E-9243-4A24-B18B-1AB7E7EAB092}.Release|Any CPU.ActiveCfg = Release|Any CPU
		{271C5D9E-9243-4A24-B18B-1AB7E7EAB092}.Release|Any CPU.Build.0 = Release|Any CPU
	EndGlobalSection
	GlobalSection(SolutionProperties) = preSolution
		HideSolutionNode = FALSE
	EndGlobalSection
	GlobalSection(ExtensibilityGlobals) = postSolution
		SolutionGuid = {25DE27C4-5BA2-42FD-9D5A-401CD32B3A93}
	EndGlobalSection
EndGlobal
