
Microsoft Visual Studio Solution File, Format Version 12.00
# Visual Studio Version 16
VisualStudioVersion = 16.0.31515.178
MinimumVisualStudioVersion = 10.0.40219.1
Project("{FAE04EC0-301F-11D3-BF4B-00C04F79EFBC}") = "List Manipulation Assessment", "List Manipulation Assessment\List Manipulation Assessment.csproj", "{52A32A1D-0F47-42C7-B71F-78DA93BBC6EA}"
EndProject
Global
	GlobalSection(SolutionConfigurationPlatforms) = preSolution
		Debug|Any CPU = Debug|Any CPU
		Release|Any CPU = Release|Any CPU
	EndGlobalSection
	GlobalSection(ProjectConfigurationPlatforms) = postSolution
		{52A32A1D-0F47-42C7-B71F-78DA93BBC6EA}.Debug|Any CPU.ActiveCfg = Debug|Any CPU
		{52A32A1D-0F47-42C7-B71F-78DA93BBC6EA}.Debug|Any CPU.Build.0 = Debug|Any CPU
		{52A32A1D-0F47-42C7-B71F-78DA93BBC6EA}.Release|Any CPU.ActiveCfg = Release|Any CPU
		{52A32A1D-0F47-42C7-B71F-78DA93BBC6EA}.Release|Any CPU.Build.0 = Release|Any CPU
	EndGlobalSection
	GlobalSection(SolutionProperties) = preSolution
		HideSolutionNode = FALSE
	EndGlobalSection
	GlobalSection(ExtensibilityGlobals) = postSolution
		SolutionGuid = {DC8659DC-CEBF-4AE9-B53E-50B088984488}
	EndGlobalSection
EndGlobal
